
Microsoft Visual Studio Solution File, Format Version 12.00
# Visual Studio Version 17
VisualStudioVersion = 17.4.33110.190
MinimumVisualStudioVersion = 10.0.40219.1
Project("{FAE04EC0-301F-11D3-BF4B-00C04F79EFBC}") = "WpfApp2", "WpfApp2\WpfApp2.csproj", "{CE9EE4B0-9E5E-4EEC-8BDC-3B2E695D7DE4}"
EndProject
Global
	GlobalSection(SolutionConfigurationPlatforms) = preSolution
		Debug|Any CPU = Debug|Any CPU
		Release|Any CPU = Release|Any CPU
	EndGlobalSection
	GlobalSection(ProjectConfigurationPlatforms) = postSolution
		{CE9EE4B0-9E5E-4EEC-8BDC-3B2E695D7DE4}.Debug|Any CPU.ActiveCfg = Debug|Any CPU
		{CE9EE4B0-9E5E-4EEC-8BDC-3B2E695D7DE4}.Debug|Any CPU.Build.0 = Debug|Any CPU
		{CE9EE4B0-9E5E-4EEC-8BDC-3B2E695D7DE4}.Release|Any CPU.ActiveCfg = Release|Any CPU
		{CE9EE4B0-9E5E-4EEC-8BDC-3B2E695D7DE4}.Release|Any CPU.Build.0 = Release|Any CPU
	EndGlobalSection
	GlobalSection(SolutionProperties) = preSolution
		HideSolutionNode = FALSE
	EndGlobalSection
	GlobalSection(ExtensibilityGlobals) = postSolution
		SolutionGuid = {B177745F-EF9F-4876-A511-C925EBA7E766}
	EndGlobalSection
EndGlobal
